
Microsoft Visual Studio Solution File, Format Version 12.00
# Visual Studio Version 16
VisualStudioVersion = 16.0.29519.87
MinimumVisualStudioVersion = 10.0.40219.1
Project("{9A19103F-16F7-4668-BE54-9A1E7A4F7556}") = "GameTOP.Lib", "GameTOP.Lib.csproj", "{62ECA9DC-F555-4B36-8A49-FB9401ED5239}"
EndProject
Global
	GlobalSection(SolutionConfigurationPlatforms) = preSolution
		Debug|Any CPU = Debug|Any CPU
		Release|Any CPU = Release|Any CPU
	EndGlobalSection
	GlobalSection(ProjectConfigurationPlatforms) = postSolution
		{62ECA9DC-F555-4B36-8A49-FB9401ED5239}.Debug|Any CPU.ActiveCfg = Debug|Any CPU
		{62ECA9DC-F555-4B36-8A49-FB9401ED5239}.Debug|Any CPU.Build.0 = Debug|Any CPU
		{62ECA9DC-F555-4B36-8A49-FB9401ED5239}.Release|Any CPU.ActiveCfg = Release|Any CPU
		{62ECA9DC-F555-4B36-8A49-FB9401ED5239}.Release|Any CPU.Build.0 = Release|Any CPU
	EndGlobalSection
	GlobalSection(SolutionProperties) = preSolution
		HideSolutionNode = FALSE
	EndGlobalSection
	GlobalSection(ExtensibilityGlobals) = postSolution
		SolutionGuid = {BAB8754D-8EC6-496C-9A0E-229F59183B29}
	EndGlobalSection
EndGlobal
